
Microsoft Visual Studio Solution File, Format Version 12.00
Project("{FAE04EC0-301F-11D3-BF4B-00C04F79EFBC}") = "GreedyAlgorithm", "GreedyAlgorithm.csproj", "{438D89FF-0CBD-44E4-A4C1-65AD6804D481}"
EndProject
Global
	GlobalSection(SolutionConfigurationPlatforms) = preSolution
		Debug|Any CPU = Debug|Any CPU
		Release|Any CPU = Release|Any CPU
	EndGlobalSection
	GlobalSection(ProjectConfigurationPlatforms) = postSolution
		{438D89FF-0CBD-44E4-A4C1-65AD6804D481}.Debug|Any CPU.ActiveCfg = Debug|Any CPU
		{438D89FF-0CBD-44E4-A4C1-65AD6804D481}.Debug|Any CPU.Build.0 = Debug|Any CPU
		{438D89FF-0CBD-44E4-A4C1-65AD6804D481}.Release|Any CPU.ActiveCfg = Release|Any CPU
		{438D89FF-0CBD-44E4-A4C1-65AD6804D481}.Release|Any CPU.Build.0 = Release|Any CPU
	EndGlobalSection
EndGlobal
